// !$*UTF8*$!
{ "classes" = {  }; "objectVersion" = "56"; "archiveVersion" = "1"; "objects" = { "000000000000000000000014" = { "isa" = "XCBuildConfiguration"; "name" = "Debug"; "buildSettings" = { "DEBUG_INFORMATION_FORMAT" = "dwarf"; "SWIFT_ACTIVE_COMPILATION_CONDITIONS" = "DEBUG"; "TARGETED_DEVICE_FAMILY" = "1,2"; "CLANG_ENABLE_MODULES" = "YES"; "CODE_SIGNING_ALLOWED" = "NO"; "ENABLE_TESTABILITY" = "YES"; "SWIFT_OPTIMIZATION_LEVEL" = "-Onone"; "SUPPORTED_PLATFORMS" = "iphoneos iphonesimulator"; "SWIFT_STRICT_CONCURRENCY" = "complete"; "SDKROOT" = "iphoneos"; "SWIFT_VERSION" = "6.0"; "IPHONEOS_DEPLOYMENT_TARGET" = "18.4"; "SWIFT_TREAT_WARNINGS_AS_ERRORS" = "YES"; "SWIFT_EMIT_LOC_STRINGS" = "NO"; "CODE_SIGN_STYLE" = "Manual"; }; }; "00000000000000000000001E" = { "productType" = "com.apple.product-type.bundle.unit-test"; "productReference" = "00000000000000000000000C"; "buildConfigurationList" = "000000000000000000000019"; "productName" = "BackupPanelTests"; "isa" = "PBXNativeTarget"; "buildPhases" = ("000000000000000000000012", "000000000000000000000013"); "dependencies" = ("00000000000000000000001D"); "name" = "BackupPanelTests"; "buildRules" = (); }; "00000000000000000000000D" = { "isa" = "PBXGroup"; "name" = "Products"; "sourceTree" = "<group>"; "children" = ("00000000000000000000000B", "00000000000000000000000C"); }; "000000000000000000000019" = { "isa" = "XCConfigurationList"; "defaultConfigurationIsVisible" = "0"; "defaultConfigurationName" = "Debug"; "buildConfigurations" = ("000000000000000000000016"); }; "000000000000000000000012" = { "isa" = "PBXSourcesBuildPhase"; "buildActionMask" = "2147483647"; "files" = ("000000000000000000000009", "000000000000000000000007", "000000000000000000000021", "000000000000000000000023"); "runOnlyForDeploymentPostprocessing" = "0"; }; "000000000000000000000001" = { "path" = "App/AppDelegate.swift"; "isa" = "PBXFileReference"; "sourceTree" = "<group>"; "lastKnownFileType" = "sourcecode.swift"; }; "00000000000000000000001C" = { "isa" = "PBXContainerItemProxy"; "containerPortal" = "00000000000000000000001B"; "remoteGlobalIDString" = "00000000000000000000001A"; "remoteInfo" = "BackupPanelProbe"; "proxyType" = "1"; }; "00000000000000000000000B" = { "path" = "BackupPanelProbe.app"; "isa" = "PBXFileReference"; "includeInIndex" = "0"; "sourceTree" = "BUILT_PRODUCTS_DIR"; "explicitFileType" = "wrapper.application"; }; "000000000000000000000006" = { "isa" = "PBXBuildFile"; "fileRef" = "000000000000000000000001"; }; "000000000000000000000017" = { "isa" = "XCConfigurationList"; "defaultConfigurationIsVisible" = "0"; "defaultConfigurationName" = "Debug"; "buildConfigurations" = ("000000000000000000000014"); }; "000000000000000000000010" = { "isa" = "PBXResourcesBuildPhase"; "buildActionMask" = "2147483647"; "files" = (); "runOnlyForDeploymentPostprocessing" = "0"; }; "00000000000000000000001A" = { "productType" = "com.apple.product-type.application"; "productReference" = "00000000000000000000000B"; "buildConfigurationList" = "000000000000000000000018"; "productName" = "BackupPanelProbe"; "isa" = "PBXNativeTarget"; "buildPhases" = ("00000000000000000000000F", "000000000000000000000011", "000000000000000000000010"); "dependencies" = (); "name" = "BackupPanelProbe"; "buildRules" = (); }; "000000000000000000000015" = { "isa" = "XCBuildConfiguration"; "name" = "Debug"; "buildSettings" = { "GENERATE_INFOPLIST_FILE" = "YES"; "INFOPLIST_KEY_UILaunchScreen_Generation" = "YES"; "PRODUCT_BUNDLE_IDENTIFIER" = "org.nostrocket.hypergolic.backuppanelprobe"; "CURRENT_PROJECT_VERSION" = "1"; "MARKETING_VERSION" = "1.0"; "PRODUCT_NAME" = "$(TARGET_NAME)"; }; }; "000000000000000000000004" = { "path" = "Tests/BackupPanelTests.swift"; "isa" = "PBXFileReference"; "sourceTree" = "<group>"; "lastKnownFileType" = "sourcecode.swift"; }; "00000000000000000000000E" = { "isa" = "PBXGroup"; "sourceTree" = "<group>"; "children" = ("000000000000000000000001", "000000000000000000000002", "000000000000000000000004", "000000000000000000000020", "000000000000000000000022", "00000000000000000000000D"); }; "000000000000000000000009" = { "isa" = "PBXBuildFile"; "fileRef" = "000000000000000000000004"; }; "000000000000000000000013" = { "isa" = "PBXFrameworksBuildPhase"; "buildActionMask" = "2147483647"; "files" = (); "runOnlyForDeploymentPostprocessing" = "0"; }; "000000000000000000000002" = { "path" = "Tests/Support.swift"; "isa" = "PBXFileReference"; "sourceTree" = "<group>"; "lastKnownFileType" = "sourcecode.swift"; }; "00000000000000000000001D" = { "isa" = "PBXTargetDependency"; "target" = "00000000000000000000001A"; "targetProxy" = "00000000000000000000001C"; }; "00000000000000000000000C" = { "path" = "BackupPanelTests.xctest"; "isa" = "PBXFileReference"; "includeInIndex" = "0"; "sourceTree" = "BUILT_PRODUCTS_DIR"; "explicitFileType" = "wrapper.cfbundle"; }; "000000000000000000000007" = { "isa" = "PBXBuildFile"; "fileRef" = "000000000000000000000002"; }; "000000000000000000000018" = { "isa" = "XCConfigurationList"; "defaultConfigurationIsVisible" = "0"; "defaultConfigurationName" = "Debug"; "buildConfigurations" = ("000000000000000000000015"); }; "000000000000000000000011" = { "isa" = "PBXFrameworksBuildPhase"; "buildActionMask" = "2147483647"; "files" = (); "runOnlyForDeploymentPostprocessing" = "0"; }; "00000000000000000000001B" = { "buildConfigurationList" = "000000000000000000000017"; "projectDirPath" = ""; "projectRoot" = ""; "knownRegions" = ("en", "Base"); "isa" = "PBXProject"; "compatibilityVersion" = "Xcode 14.0"; "productRefGroup" = "00000000000000000000000D"; "mainGroup" = "00000000000000000000000E"; "developmentRegion" = "en"; "attributes" = { "LastUpgradeCheck" = "2660"; "TargetAttributes" = { "00000000000000000000001E" = { "TestTargetID" = "00000000000000000000001A"; }; }; }; "targets" = ("00000000000000000000001A", "00000000000000000000001E"); }; "000000000000000000000016" = { "isa" = "XCBuildConfiguration"; "name" = "Debug"; "buildSettings" = { "GENERATE_INFOPLIST_FILE" = "YES"; "TEST_HOST" = "$(BUILT_PRODUCTS_DIR)/BackupPanelProbe.app/BackupPanelProbe"; "BUNDLE_LOADER" = "$(TEST_HOST)"; "PRODUCT_BUNDLE_IDENTIFIER" = "org.nostrocket.hypergolic.backuppaneltests"; "PRODUCT_NAME" = "$(TARGET_NAME)"; }; }; "00000000000000000000000F" = { "isa" = "PBXSourcesBuildPhase"; "buildActionMask" = "2147483647"; "files" = ("000000000000000000000006"); "runOnlyForDeploymentPostprocessing" = "0"; }; "000000000000000000000020" = { "isa" = "PBXFileReference"; "path" = "../../../../modules/identity-store/ios/NativeBackupPanel.swift"; "sourceTree" = "<group>"; "lastKnownFileType" = "sourcecode.swift"; }; "000000000000000000000021" = { "isa" = "PBXBuildFile"; "fileRef" = "000000000000000000000020"; }; "000000000000000000000022" = { "path" = "../../../../modules/identity-store/ios/NostrSecretBech32.swift"; "isa" = "PBXFileReference"; "sourceTree" = "<group>"; "lastKnownFileType" = "sourcecode.swift"; }; "000000000000000000000023" = { "isa" = "PBXBuildFile"; "fileRef" = "000000000000000000000022"; }; }; "rootObject" = "00000000000000000000001B"; }
