// !$*UTF8*$!
{ archiveVersion = "1"; classes = {  }; objectVersion = "56"; objects = { 000000000000000000000032 = { isa = "PBXFileReference"; path = "../../../modules/napplet-host/ios/CapabilityTransport.swift"; sourceTree = "<group>"; lastKnownFileType = "sourcecode.swift"; }; 000000000000000000000033 = { isa = "PBXBuildFile"; fileRef = "000000000000000000000032"; }; 000000000000000000000030 = { isa = "PBXFileReference"; path = "../../../modules/napplet-host/ios/CapabilityLeaseRegistry.swift"; sourceTree = "<group>"; lastKnownFileType = "sourcecode.swift"; }; 000000000000000000000031 = { isa = "PBXBuildFile"; fileRef = "000000000000000000000030"; }; 000000000000000000000001 = { isa = "PBXFileReference"; path = "App/AppDelegate.swift"; sourceTree = "<group>"; lastKnownFileType = "sourcecode.swift"; }; 000000000000000000000002 = { isa = "PBXFileReference"; path = "../../../modules/napplet-host/ios/RestrictedNappletHost.swift"; sourceTree = "<group>"; lastKnownFileType = "sourcecode.swift"; }; 000000000000000000000003 = { isa = "PBXFileReference"; path = "Tests/Probe.swift"; sourceTree = "<group>"; lastKnownFileType = "sourcecode.swift"; }; 000000000000000000000004 = { isa = "PBXFileReference"; path = "Tests/BoundaryTests.swift"; sourceTree = "<group>"; lastKnownFileType = "sourcecode.swift"; }; 000000000000000000000005 = { isa = "PBXFileReference"; path = "Resources/HypergolicNappletHostAssets.bundle"; sourceTree = "<group>"; lastKnownFileType = "wrapper.plug-in"; }; 000000000000000000000006 = { isa = "PBXBuildFile"; fileRef = "000000000000000000000001"; }; 000000000000000000000007 = { isa = "PBXBuildFile"; fileRef = "000000000000000000000002"; }; 000000000000000000000008 = { isa = "PBXBuildFile"; fileRef = "000000000000000000000003"; }; 000000000000000000000009 = { isa = "PBXBuildFile"; fileRef = "000000000000000000000004"; }; 00000000000000000000000A = { isa = "PBXBuildFile"; fileRef = "000000000000000000000005"; }; 00000000000000000000000B = { isa = "PBXFileReference"; path = "BoundaryProbe.app"; sourceTree = "BUILT_PRODUCTS_DIR"; explicitFileType = "wrapper.application"; includeInIndex = "0"; }; 00000000000000000000000C = { isa = "PBXFileReference"; path = "BoundaryTests.xctest"; sourceTree = "BUILT_PRODUCTS_DIR"; explicitFileType = "wrapper.cfbundle"; includeInIndex = "0"; }; 00000000000000000000000D = { isa = "PBXGroup"; name = "Products"; sourceTree = "<group>"; children = ("00000000000000000000000B", "00000000000000000000000C"); }; 00000000000000000000000E = { isa = "PBXGroup"; sourceTree = "<group>"; children = ("000000000000000000000030", "000000000000000000000032", "000000000000000000000001", "000000000000000000000002", "000000000000000000000004", "000000000000000000000003", "000000000000000000000005", "00000000000000000000000D"); }; 00000000000000000000000F = { isa = "PBXSourcesBuildPhase"; buildActionMask = "2147483647"; files = ("000000000000000000000031", "000000000000000000000033", "000000000000000000000006", "000000000000000000000007"); runOnlyForDeploymentPostprocessing = "0"; }; 000000000000000000000010 = { isa = "PBXResourcesBuildPhase"; buildActionMask = "2147483647"; files = ("00000000000000000000000A"); runOnlyForDeploymentPostprocessing = "0"; }; 000000000000000000000011 = { isa = "PBXFrameworksBuildPhase"; buildActionMask = "2147483647"; files = (); runOnlyForDeploymentPostprocessing = "0"; }; 000000000000000000000012 = { isa = "PBXSourcesBuildPhase"; buildActionMask = "2147483647"; files = ("000000000000000000000009", "000000000000000000000008"); runOnlyForDeploymentPostprocessing = "0"; }; 000000000000000000000013 = { isa = "PBXFrameworksBuildPhase"; buildActionMask = "2147483647"; files = (); runOnlyForDeploymentPostprocessing = "0"; }; 000000000000000000000014 = { isa = "XCBuildConfiguration"; name = "Debug"; buildSettings = { CLANG_ENABLE_MODULES = "YES"; SDKROOT = "iphoneos"; IPHONEOS_DEPLOYMENT_TARGET = "18.4"; SWIFT_VERSION = "6.0"; SWIFT_STRICT_CONCURRENCY = "complete"; CODE_SIGNING_ALLOWED = "NO"; SUPPORTED_PLATFORMS = "iphonesimulator"; TARGETED_DEVICE_FAMILY = "1,2"; SWIFT_OPTIMIZATION_LEVEL = "-Onone"; DEBUG_INFORMATION_FORMAT = "dwarf"; ENABLE_TESTABILITY = "YES"; SWIFT_ACTIVE_COMPILATION_CONDITIONS = "DEBUG"; }; }; 000000000000000000000015 = { isa = "XCBuildConfiguration"; name = "Debug"; buildSettings = { GENERATE_INFOPLIST_FILE = "YES"; PRODUCT_NAME = "$(TARGET_NAME)"; PRODUCT_BUNDLE_IDENTIFIER = "org.nostrocket.hypergolic.boundaryprobe"; CURRENT_PROJECT_VERSION = "1"; MARKETING_VERSION = "1.0"; INFOPLIST_KEY_UILaunchScreen_Generation = "YES"; }; }; 000000000000000000000016 = { isa = "XCBuildConfiguration"; name = "Debug"; buildSettings = { GENERATE_INFOPLIST_FILE = "YES"; PRODUCT_NAME = "$(TARGET_NAME)"; PRODUCT_BUNDLE_IDENTIFIER = "org.nostrocket.hypergolic.boundarytests"; TEST_HOST = "$(BUILT_PRODUCTS_DIR)/BoundaryProbe.app/BoundaryProbe"; BUNDLE_LOADER = "$(TEST_HOST)"; }; }; 000000000000000000000017 = { isa = "XCConfigurationList"; buildConfigurations = ("000000000000000000000014"); defaultConfigurationIsVisible = "0"; defaultConfigurationName = "Debug"; }; 000000000000000000000018 = { isa = "XCConfigurationList"; buildConfigurations = ("000000000000000000000015"); defaultConfigurationIsVisible = "0"; defaultConfigurationName = "Debug"; }; 000000000000000000000019 = { isa = "XCConfigurationList"; buildConfigurations = ("000000000000000000000016"); defaultConfigurationIsVisible = "0"; defaultConfigurationName = "Debug"; }; 00000000000000000000001A = { isa = "PBXNativeTarget"; name = "BoundaryProbe"; productName = "BoundaryProbe"; productType = "com.apple.product-type.application"; productReference = "00000000000000000000000B"; buildConfigurationList = "000000000000000000000018"; buildPhases = ("00000000000000000000000F", "000000000000000000000011", "000000000000000000000010"); buildRules = (); dependencies = (); }; 00000000000000000000001C = { isa = "PBXContainerItemProxy"; containerPortal = "00000000000000000000001B"; proxyType = "1"; remoteGlobalIDString = "00000000000000000000001A"; remoteInfo = "BoundaryProbe"; }; 00000000000000000000001D = { isa = "PBXTargetDependency"; target = "00000000000000000000001A"; targetProxy = "00000000000000000000001C"; }; 00000000000000000000001E = { isa = "PBXNativeTarget"; name = "BoundaryTests"; productName = "BoundaryTests"; productType = "com.apple.product-type.bundle.unit-test"; productReference = "00000000000000000000000C"; buildConfigurationList = "000000000000000000000019"; buildPhases = ("000000000000000000000012", "000000000000000000000013"); buildRules = (); dependencies = ("00000000000000000000001D"); }; 00000000000000000000001B = { isa = "PBXProject"; attributes = { LastUpgradeCheck = "2660"; TargetAttributes = { 00000000000000000000001E = { TestTargetID = "00000000000000000000001A"; }; }; }; buildConfigurationList = "000000000000000000000017"; compatibilityVersion = "Xcode 14.0"; developmentRegion = "en"; knownRegions = ("en", "Base"); mainGroup = "00000000000000000000000E"; productRefGroup = "00000000000000000000000D"; projectDirPath = ""; projectRoot = ""; targets = ("00000000000000000000001A", "00000000000000000000001E"); }; }; rootObject = "00000000000000000000001B"; }